
Microsoft Visual Studio Solution File, Format Version 12.00
# Visual Studio Version 17
VisualStudioVersion = 17.8.34322.80
MinimumVisualStudioVersion = 10.0.40219.1
Project("{9A19103F-16F7-4668-BE54-9A1E7A4F7556}") = "LearnyCraft", "LearnyCraft\LearnyCraft.csproj", "{54240EF1-97FA-4B34-8E80-6FC212EDB887}"
EndProject
Project("{2150E333-8FDC-42A3-9474-1A3956D46DE8}") = "NewFolder1", "NewFolder1", "{E22AC166-DECB-4F9C-B752-2883976D464F}"
EndProject
Global
	GlobalSection(SolutionConfigurationPlatforms) = preSolution
		Debug|Any CPU = Debug|Any CPU
		Release|Any CPU = Release|Any CPU
	EndGlobalSection
	GlobalSection(ProjectConfigurationPlatforms) = postSolution
		{54240EF1-97FA-4B34-8E80-6FC212EDB887}.Debug|Any CPU.ActiveCfg = Debug|Any CPU
		{54240EF1-97FA-4B34-8E80-6FC212EDB887}.Debug|Any CPU.Build.0 = Debug|Any CPU
		{54240EF1-97FA-4B34-8E80-6FC212EDB887}.Release|Any CPU.ActiveCfg = Release|Any CPU
		{54240EF1-97FA-4B34-8E80-6FC212EDB887}.Release|Any CPU.Build.0 = Release|Any CPU
	EndGlobalSection
	GlobalSection(SolutionProperties) = preSolution
		HideSolutionNode = FALSE
	EndGlobalSection
	GlobalSection(ExtensibilityGlobals) = postSolution
		SolutionGuid = {CFE17640-B4EB-434C-AD54-2F90A64696C2}
	EndGlobalSection
EndGlobal
